// !$*UTF8*$!
{
	archiveVersion = 1;
	classes = {
	};
	objectVersion = 50;
	objects = {

/* Begin PBXBuildFile section */
		C73ADF3923F06B9900C9FEAA /* UIColorExtension.swift in Sources */ = {isa = PBXBuildFile; fileRef = C73ADF3823F06B9900C9FEAA /* UIColorExtension.swift */; };
		C73ADF3C23F0922100C9FEAA /* Notification.swift in Sources */ = {isa = PBXBuildFile; fileRef = C73ADF3B23F0922100C9FEAA /* Notification.swift */; };
		C75E1F6723F13768006D3C59 /* SenderTest.swift in Sources */ = {isa = PBXBuildFile; fileRef = C75E1F6623F13768006D3C59 /* SenderTest.swift */; };
		C76F2ACC23ED9A1000942E6A /* EntranceStoryboard.storyboard in Resources */ = {isa = PBXBuildFile; fileRef = C76F2AC423ED9A1000942E6A /* EntranceStoryboard.storyboard */; };
		C76F2ACD23ED9A1000942E6A /* EntrancePresenter.swift in Sources */ = {isa = PBXBuildFile; fileRef = C76F2AC523ED9A1000942E6A /* EntrancePresenter.swift */; };
		C76F2ACE23ED9A1000942E6A /* EntranceWorker.swift in Sources */ = {isa = PBXBuildFile; fileRef = C76F2AC623ED9A1000942E6A /* EntranceWorker.swift */; };
		C76F2ACF23ED9A1000942E6A /* EntranceRouter.swift in Sources */ = {isa = PBXBuildFile; fileRef = C76F2AC723ED9A1000942E6A /* EntranceRouter.swift */; };
		C76F2AD023ED9A1000942E6A /* EntranceModels.swift in Sources */ = {isa = PBXBuildFile; fileRef = C76F2AC823ED9A1000942E6A /* EntranceModels.swift */; };
		C76F2AD123ED9A1000942E6A /* EntranceViewController.swift in Sources */ = {isa = PBXBuildFile; fileRef = C76F2AC923ED9A1000942E6A /* EntranceViewController.swift */; };
		C76F2AD223ED9A1000942E6A /* EntranceBuilder.swift in Sources */ = {isa = PBXBuildFile; fileRef = C76F2ACA23ED9A1000942E6A /* EntranceBuilder.swift */; };
		C76F2AD323ED9A1000942E6A /* EntranceInteractor.swift in Sources */ = {isa = PBXBuildFile; fileRef = C76F2ACB23ED9A1000942E6A /* EntranceInteractor.swift */; };
		C76F2AD623ED9A5C00942E6A /* ViewController.swift in Sources */ = {isa = PBXBuildFile; fileRef = C76F2AD523ED9A5C00942E6A /* ViewController.swift */; };
		C76F2AD923ED9AEF00942E6A /* UIStoryboardExtension.swift in Sources */ = {isa = PBXBuildFile; fileRef = C76F2AD823ED9AEF00942E6A /* UIStoryboardExtension.swift */; };
		C76F2AE123EDA7F400942E6A /* Sender.swift in Sources */ = {isa = PBXBuildFile; fileRef = C76F2AE023EDA7F400942E6A /* Sender.swift */; };
		C7782EED23EF194D008E09D5 /* ChatRoomStoryboard.storyboard in Resources */ = {isa = PBXBuildFile; fileRef = C7782EE523EF194D008E09D5 /* ChatRoomStoryboard.storyboard */; };
		C7782EEE23EF194D008E09D5 /* ChatRoomPresenter.swift in Sources */ = {isa = PBXBuildFile; fileRef = C7782EE623EF194D008E09D5 /* ChatRoomPresenter.swift */; };
		C7782EEF23EF194D008E09D5 /* ChatRoomWorker.swift in Sources */ = {isa = PBXBuildFile; fileRef = C7782EE723EF194D008E09D5 /* ChatRoomWorker.swift */; };
		C7782EF023EF194D008E09D5 /* ChatRoomRouter.swift in Sources */ = {isa = PBXBuildFile; fileRef = C7782EE823EF194D008E09D5 /* ChatRoomRouter.swift */; };
		C7782EF123EF194D008E09D5 /* ChatRoomModels.swift in Sources */ = {isa = PBXBuildFile; fileRef = C7782EE923EF194D008E09D5 /* ChatRoomModels.swift */; };
		C7782EF223EF194D008E09D5 /* ChatRoomViewController.swift in Sources */ = {isa = PBXBuildFile; fileRef = C7782EEA23EF194D008E09D5 /* ChatRoomViewController.swift */; };
		C7782EF323EF194D008E09D5 /* ChatRoomBuilder.swift in Sources */ = {isa = PBXBuildFile; fileRef = C7782EEB23EF194D008E09D5 /* ChatRoomBuilder.swift */; };
		C7782EF423EF194D008E09D5 /* ChatRoomInteractor.swift in Sources */ = {isa = PBXBuildFile; fileRef = C7782EEC23EF194D008E09D5 /* ChatRoomInteractor.swift */; };
		C7782EF823EFFF42008E09D5 /* UserConnection.swift in Sources */ = {isa = PBXBuildFile; fileRef = C7782EF723EFFF42008E09D5 /* UserConnection.swift */; };
		C7782EFA23F00D5A008E09D5 /* Message.swift in Sources */ = {isa = PBXBuildFile; fileRef = C7782EF923F00D5A008E09D5 /* Message.swift */; };
		C7782F0923F022E8008E09D5 /* TableViewCellHelper.swift in Sources */ = {isa = PBXBuildFile; fileRef = C7782F0823F022E8008E09D5 /* TableViewCellHelper.swift */; };
		C7782F1023F0270F008E09D5 /* MyMessageTableViewCell.swift in Sources */ = {isa = PBXBuildFile; fileRef = C7782F0A23F0270F008E09D5 /* MyMessageTableViewCell.swift */; };
		C7782F1123F0270F008E09D5 /* MyMessageTableViewCell.xib in Resources */ = {isa = PBXBuildFile; fileRef = C7782F0B23F0270F008E09D5 /* MyMessageTableViewCell.xib */; };
		C7782F1223F0270F008E09D5 /* NoticeTableViewCell.swift in Sources */ = {isa = PBXBuildFile; fileRef = C7782F0C23F0270F008E09D5 /* NoticeTableViewCell.swift */; };
		C7782F1323F0270F008E09D5 /* NoticeTableViewCell.xib in Resources */ = {isa = PBXBuildFile; fileRef = C7782F0D23F0270F008E09D5 /* NoticeTableViewCell.xib */; };
		C7782F1423F0270F008E09D5 /* TheirMessageTableViewCell.swift in Sources */ = {isa = PBXBuildFile; fileRef = C7782F0E23F0270F008E09D5 /* TheirMessageTableViewCell.swift */; };
		C7782F1523F0270F008E09D5 /* TheirMessageTableViewCell.xib in Resources */ = {isa = PBXBuildFile; fileRef = C7782F0F23F0270F008E09D5 /* TheirMessageTableViewCell.xib */; };
		C79F5C9A23F09D860054EA2D /* UserNotifications.framework in Frameworks */ = {isa = PBXBuildFile; fileRef = C79F5C9923F09D860054EA2D /* UserNotifications.framework */; };
		C7D1E1F123ED938F00DF3BB8 /* AppDelegate.swift in Sources */ = {isa = PBXBuildFile; fileRef = C7D1E1F023ED938F00DF3BB8 /* AppDelegate.swift */; };
		C7D1E1F723ED939000DF3BB8 /* Assets.xcassets in Resources */ = {isa = PBXBuildFile; fileRef = C7D1E1F623ED939000DF3BB8 /* Assets.xcassets */; };
		C7D1E1FA23ED939000DF3BB8 /* Preview Assets.xcassets in Resources */ = {isa = PBXBuildFile; fileRef = C7D1E1F923ED939000DF3BB8 /* Preview Assets.xcassets */; };
		C7D1E1FD23ED939000DF3BB8 /* LaunchScreen.storyboard in Resources */ = {isa = PBXBuildFile; fileRef = C7D1E1FB23ED939000DF3BB8 /* LaunchScreen.storyboard */; };
		C7D1E20823ED939000DF3BB8 /* WalkTalkTests.swift in Sources */ = {isa = PBXBuildFile; fileRef = C7D1E20723ED939000DF3BB8 /* WalkTalkTests.swift */; };
/* End PBXBuildFile section */

/* Begin PBXContainerItemProxy section */
		C7D1E20423ED939000DF3BB8 /* PBXContainerItemProxy */ = {
			isa = PBXContainerItemProxy;
			containerPortal = C7D1E1E523ED938F00DF3BB8 /* Project object */;
			proxyType = 1;
			remoteGlobalIDString = C7D1E1EC23ED938F00DF3BB8;
			remoteInfo = WalkTalk;
		};
/* End PBXContainerItemProxy section */

/* Begin PBXFileReference section */
		C73ADF3823F06B9900C9FEAA /* UIColorExtension.swift */ = {isa = PBXFileReference; lastKnownFileType = sourcecode.swift; path = UIColorExtension.swift; sourceTree = "<group>"; };
		C73ADF3B23F0922100C9FEAA /* Notification.swift */ = {isa = PBXFileReference; lastKnownFileType = sourcecode.swift; path = Notification.swift; sourceTree = "<group>"; };
		C75E1F6623F13768006D3C59 /* SenderTest.swift */ = {isa = PBXFileReference; lastKnownFileType = sourcecode.swift; path = SenderTest.swift; sourceTree = "<group>"; };
		C76F2AC423ED9A1000942E6A /* EntranceStoryboard.storyboard */ = {isa = PBXFileReference; lastKnownFileType = file.storyboard; path = EntranceStoryboard.storyboard; sourceTree = "<group>"; };
		C76F2AC523ED9A1000942E6A /* EntrancePresenter.swift */ = {isa = PBXFileReference; lastKnownFileType = sourcecode.swift; path = EntrancePresenter.swift; sourceTree = "<group>"; };
		C76F2AC623ED9A1000942E6A /* EntranceWorker.swift */ = {isa = PBXFileReference; lastKnownFileType = sourcecode.swift; path = EntranceWorker.swift; sourceTree = "<group>"; };
		C76F2AC723ED9A1000942E6A /* EntranceRouter.swift */ = {isa = PBXFileReference; lastKnownFileType = sourcecode.swift; path = EntranceRouter.swift; sourceTree = "<group>"; };
		C76F2AC823ED9A1000942E6A /* EntranceModels.swift */ = {isa = PBXFileReference; lastKnownFileType = sourcecode.swift; path = EntranceModels.swift; sourceTree = "<group>"; };
		C76F2AC923ED9A1000942E6A /* EntranceViewController.swift */ = {isa = PBXFileReference; lastKnownFileType = sourcecode.swift; path = EntranceViewController.swift; sourceTree = "<group>"; };
		C76F2ACA23ED9A1000942E6A /* EntranceBuilder.swift */ = {isa = PBXFileReference; lastKnownFileType = sourcecode.swift; path = EntranceBuilder.swift; sourceTree = "<group>"; };
		C76F2ACB23ED9A1000942E6A /* EntranceInteractor.swift */ = {isa = PBXFileReference; lastKnownFileType = sourcecode.swift; path = EntranceInteractor.swift; sourceTree = "<group>"; };
		C76F2AD523ED9A5C00942E6A /* ViewController.swift */ = {isa = PBXFileReference; lastKnownFileType = sourcecode.swift; path = ViewController.swift; sourceTree = "<group>"; };
		C76F2AD823ED9AEF00942E6A /* UIStoryboardExtension.swift */ = {isa = PBXFileReference; fileEncoding = 4; lastKnownFileType = sourcecode.swift; path = UIStoryboardExtension.swift; sourceTree = "<group>"; };
		C76F2AE023EDA7F400942E6A /* Sender.swift */ = {isa = PBXFileReference; lastKnownFileType = sourcecode.swift; path = Sender.swift; sourceTree = "<group>"; };
		C7782EE523EF194D008E09D5 /* ChatRoomStoryboard.storyboard */ = {isa = PBXFileReference; lastKnownFileType = file.storyboard; path = ChatRoomStoryboard.storyboard; sourceTree = "<group>"; };
		C7782EE623EF194D008E09D5 /* ChatRoomPresenter.swift */ = {isa = PBXFileReference; lastKnownFileType = sourcecode.swift; path = ChatRoomPresenter.swift; sourceTree = "<group>"; };
		C7782EE723EF194D008E09D5 /* ChatRoomWorker.swift */ = {isa = PBXFileReference; lastKnownFileType = sourcecode.swift; path = ChatRoomWorker.swift; sourceTree = "<group>"; };
		C7782EE823EF194D008E09D5 /* ChatRoomRouter.swift */ = {isa = PBXFileReference; lastKnownFileType = sourcecode.swift; path = ChatRoomRouter.swift; sourceTree = "<group>"; };
		C7782EE923EF194D008E09D5 /* ChatRoomModels.swift */ = {isa = PBXFileReference; lastKnownFileType = sourcecode.swift; path = ChatRoomModels.swift; sourceTree = "<group>"; };
		C7782EEA23EF194D008E09D5 /* ChatRoomViewController.swift */ = {isa = PBXFileReference; lastKnownFileType = sourcecode.swift; path = ChatRoomViewController.swift; sourceTree = "<group>"; };
		C7782EEB23EF194D008E09D5 /* ChatRoomBuilder.swift */ = {isa = PBXFileReference; lastKnownFileType = sourcecode.swift; path = ChatRoomBuilder.swift; sourceTree = "<group>"; };
		C7782EEC23EF194D008E09D5 /* ChatRoomInteractor.swift */ = {isa = PBXFileReference; lastKnownFileType = sourcecode.swift; path = ChatRoomInteractor.swift; sourceTree = "<group>"; };
		C7782EF723EFFF42008E09D5 /* UserConnection.swift */ = {isa = PBXFileReference; lastKnownFileType = sourcecode.swift; path = UserConnection.swift; sourceTree = "<group>"; };
		C7782EF923F00D5A008E09D5 /* Message.swift */ = {isa = PBXFileReference; lastKnownFileType = sourcecode.swift; path = Message.swift; sourceTree = "<group>"; };
		C7782F0823F022E8008E09D5 /* TableViewCellHelper.swift */ = {isa = PBXFileReference; lastKnownFileType = sourcecode.swift; path = TableViewCellHelper.swift; sourceTree = "<group>"; };
		C7782F0A23F0270F008E09D5 /* MyMessageTableViewCell.swift */ = {isa = PBXFileReference; fileEncoding = 4; lastKnownFileType = sourcecode.swift; path = MyMessageTableViewCell.swift; sourceTree = "<group>"; };
		C7782F0B23F0270F008E09D5 /* MyMessageTableViewCell.xib */ = {isa = PBXFileReference; fileEncoding = 4; lastKnownFileType = file.xib; path = MyMessageTableViewCell.xib; sourceTree = "<group>"; };
		C7782F0C23F0270F008E09D5 /* NoticeTableViewCell.swift */ = {isa = PBXFileReference; fileEncoding = 4; lastKnownFileType = sourcecode.swift; path = NoticeTableViewCell.swift; sourceTree = "<group>"; };
		C7782F0D23F0270F008E09D5 /* NoticeTableViewCell.xib */ = {isa = PBXFileReference; fileEncoding = 4; lastKnownFileType = file.xib; path = NoticeTableViewCell.xib; sourceTree = "<group>"; };
		C7782F0E23F0270F008E09D5 /* TheirMessageTableViewCell.swift */ = {isa = PBXFileReference; fileEncoding = 4; lastKnownFileType = sourcecode.swift; path = TheirMessageTableViewCell.swift; sourceTree = "<group>"; };
		C7782F0F23F0270F008E09D5 /* TheirMessageTableViewCell.xib */ = {isa = PBXFileReference; fileEncoding = 4; lastKnownFileType = file.xib; path = TheirMessageTableViewCell.xib; sourceTree = "<group>"; };
		C79F5C9723F09D090054EA2D /* WalkTalk.entitlements */ = {isa = PBXFileReference; lastKnownFileType = text.plist.entitlements; path = WalkTalk.entitlements; sourceTree = "<group>"; };
		C79F5C9923F09D860054EA2D /* UserNotifications.framework */ = {isa = PBXFileReference; lastKnownFileType = wrapper.framework; name = UserNotifications.framework; path = System/Library/Frameworks/UserNotifications.framework; sourceTree = SDKROOT; };
		C7D1E1ED23ED938F00DF3BB8 /* WalkTalk.app */ = {isa = PBXFileReference; explicitFileType = wrapper.application; includeInIndex = 0; path = WalkTalk.app; sourceTree = BUILT_PRODUCTS_DIR; };
		C7D1E1F023ED938F00DF3BB8 /* AppDelegate.swift */ = {isa = PBXFileReference; lastKnownFileType = sourcecode.swift; path = AppDelegate.swift; sourceTree = "<group>"; };
		C7D1E1F623ED939000DF3BB8 /* Assets.xcassets */ = {isa = PBXFileReference; lastKnownFileType = folder.assetcatalog; path = Assets.xcassets; sourceTree = "<group>"; };
		C7D1E1F923ED939000DF3BB8 /* Preview Assets.xcassets */ = {isa = PBXFileReference; lastKnownFileType = folder.assetcatalog; path = "Preview Assets.xcassets"; sourceTree = "<group>"; };
		C7D1E1FC23ED939000DF3BB8 /* Base */ = {isa = PBXFileReference; lastKnownFileType = file.storyboard; name = Base; path = Base.lproj/LaunchScreen.storyboard; sourceTree = "<group>"; };
		C7D1E1FE23ED939000DF3BB8 /* Info.plist */ = {isa = PBXFileReference; lastKnownFileType = text.plist.xml; path = Info.plist; sourceTree = "<group>"; };
		C7D1E20323ED939000DF3BB8 /* WalkTalkTests.xctest */ = {isa = PBXFileReference; explicitFileType = wrapper.cfbundle; includeInIndex = 0; path = WalkTalkTests.xctest; sourceTree = BUILT_PRODUCTS_DIR; };
		C7D1E20723ED939000DF3BB8 /* WalkTalkTests.swift */ = {isa = PBXFileReference; lastKnownFileType = sourcecode.swift; path = WalkTalkTests.swift; sourceTree = "<group>"; };
		C7D1E20923ED939000DF3BB8 /* Info.plist */ = {isa = PBXFileReference; lastKnownFileType = text.plist.xml; path = Info.plist; sourceTree = "<group>"; };
/* End PBXFileReference section */

/* Begin PBXFrameworksBuildPhase section */
		C7D1E1EA23ED938F00DF3BB8 /* Frameworks */ = {
			isa = PBXFrameworksBuildPhase;
			buildActionMask = 2147483647;
			files = (
				C79F5C9A23F09D860054EA2D /* UserNotifications.framework in Frameworks */,
			);
			runOnlyForDeploymentPostprocessing = 0;
		};
		C7D1E20023ED939000DF3BB8 /* Frameworks */ = {
			isa = PBXFrameworksBuildPhase;
			buildActionMask = 2147483647;
			files = (
			);
			runOnlyForDeploymentPostprocessing = 0;
		};
/* End PBXFrameworksBuildPhase section */

/* Begin PBXGroup section */
		C76F2AC223ED997900942E6A /* Scenes */ = {
			isa = PBXGroup;
			children = (
				C76F2AC323ED99C000942E6A /* Entrance */,
				C7782EE423EF1930008E09D5 /* ChatRoom */,
			);
			path = Scenes;
			sourceTree = "<group>";
		};
		C76F2AC323ED99C000942E6A /* Entrance */ = {
			isa = PBXGroup;
			children = (
				C76F2AC423ED9A1000942E6A /* EntranceStoryboard.storyboard */,
				C76F2AC523ED9A1000942E6A /* EntrancePresenter.swift */,
				C76F2AC623ED9A1000942E6A /* EntranceWorker.swift */,
				C76F2AC723ED9A1000942E6A /* EntranceRouter.swift */,
				C76F2AC823ED9A1000942E6A /* EntranceModels.swift */,
				C76F2AC923ED9A1000942E6A /* EntranceViewController.swift */,
				C76F2ACA23ED9A1000942E6A /* EntranceBuilder.swift */,
				C76F2ACB23ED9A1000942E6A /* EntranceInteractor.swift */,
			);
			path = Entrance;
			sourceTree = "<group>";
		};
		C76F2AD423ED9A2900942E6A /* Common */ = {
			isa = PBXGroup;
			children = (
				C76F2AD523ED9A5C00942E6A /* ViewController.swift */,
			);
			path = Common;
			sourceTree = "<group>";
		};
		C76F2AD723ED9AE400942E6A /* Extension */ = {
			isa = PBXGroup;
			children = (
				C76F2AD823ED9AEF00942E6A /* UIStoryboardExtension.swift */,
				C73ADF3823F06B9900C9FEAA /* UIColorExtension.swift */,
			);
			path = Extension;
			sourceTree = "<group>";
		};
		C76F2ADF23EDA7E100942E6A /* Entities */ = {
			isa = PBXGroup;
			children = (
				C76F2AE023EDA7F400942E6A /* Sender.swift */,
				C7782EF723EFFF42008E09D5 /* UserConnection.swift */,
				C7782EF923F00D5A008E09D5 /* Message.swift */,
				C73ADF3B23F0922100C9FEAA /* Notification.swift */,
			);
			path = Entities;
			sourceTree = "<group>";
		};
		C7782EE423EF1930008E09D5 /* ChatRoom */ = {
			isa = PBXGroup;
			children = (
				C7782EFB23F014A8008E09D5 /* Views */,
				C7782EE523EF194D008E09D5 /* ChatRoomStoryboard.storyboard */,
				C7782EE623EF194D008E09D5 /* ChatRoomPresenter.swift */,
				C7782EE723EF194D008E09D5 /* ChatRoomWorker.swift */,
				C7782EE823EF194D008E09D5 /* ChatRoomRouter.swift */,
				C7782EE923EF194D008E09D5 /* ChatRoomModels.swift */,
				C7782EEA23EF194D008E09D5 /* ChatRoomViewController.swift */,
				C7782EEB23EF194D008E09D5 /* ChatRoomBuilder.swift */,
				C7782EEC23EF194D008E09D5 /* ChatRoomInteractor.swift */,
			);
			path = ChatRoom;
			sourceTree = "<group>";
		};
		C7782EFB23F014A8008E09D5 /* Views */ = {
			isa = PBXGroup;
			children = (
				C7782F0A23F0270F008E09D5 /* MyMessageTableViewCell.swift */,
				C7782F0B23F0270F008E09D5 /* MyMessageTableViewCell.xib */,
				C7782F0C23F0270F008E09D5 /* NoticeTableViewCell.swift */,
				C7782F0D23F0270F008E09D5 /* NoticeTableViewCell.xib */,
				C7782F0E23F0270F008E09D5 /* TheirMessageTableViewCell.swift */,
				C7782F0F23F0270F008E09D5 /* TheirMessageTableViewCell.xib */,
			);
			path = Views;
			sourceTree = "<group>";
		};
		C7782F0723F022DA008E09D5 /* Helper */ = {
			isa = PBXGroup;
			children = (
				C7782F0823F022E8008E09D5 /* TableViewCellHelper.swift */,
			);
			path = Helper;
			sourceTree = "<group>";
		};
		C79F5C9823F09D860054EA2D /* Frameworks */ = {
			isa = PBXGroup;
			children = (
				C79F5C9923F09D860054EA2D /* UserNotifications.framework */,
			);
			name = Frameworks;
			sourceTree = "<group>";
		};
		C7D1E1E423ED938F00DF3BB8 = {
			isa = PBXGroup;
			children = (
				C7D1E1EF23ED938F00DF3BB8 /* WalkTalk */,
				C7D1E20623ED939000DF3BB8 /* WalkTalkTests */,
				C7D1E1EE23ED938F00DF3BB8 /* Products */,
				C79F5C9823F09D860054EA2D /* Frameworks */,
			);
			sourceTree = "<group>";
		};
		C7D1E1EE23ED938F00DF3BB8 /* Products */ = {
			isa = PBXGroup;
			children = (
				C7D1E1ED23ED938F00DF3BB8 /* WalkTalk.app */,
				C7D1E20323ED939000DF3BB8 /* WalkTalkTests.xctest */,
			);
			name = Products;
			sourceTree = "<group>";
		};
		C7D1E1EF23ED938F00DF3BB8 /* WalkTalk */ = {
			isa = PBXGroup;
			children = (
				C79F5C9723F09D090054EA2D /* WalkTalk.entitlements */,
				C7782F0723F022DA008E09D5 /* Helper */,
				C76F2AD723ED9AE400942E6A /* Extension */,
				C76F2ADF23EDA7E100942E6A /* Entities */,
				C76F2AD423ED9A2900942E6A /* Common */,
				C76F2AC223ED997900942E6A /* Scenes */,
				C7D1E1F023ED938F00DF3BB8 /* AppDelegate.swift */,
				C7D1E1F623ED939000DF3BB8 /* Assets.xcassets */,
				C7D1E1FB23ED939000DF3BB8 /* LaunchScreen.storyboard */,
				C7D1E1FE23ED939000DF3BB8 /* Info.plist */,
				C7D1E1F823ED939000DF3BB8 /* Preview Content */,
			);
			path = WalkTalk;
			sourceTree = "<group>";
		};
		C7D1E1F823ED939000DF3BB8 /* Preview Content */ = {
			isa = PBXGroup;
			children = (
				C7D1E1F923ED939000DF3BB8 /* Preview Assets.xcassets */,
			);
			path = "Preview Content";
			sourceTree = "<group>";
		};
		C7D1E20623ED939000DF3BB8 /* WalkTalkTests */ = {
			isa = PBXGroup;
			children = (
				C7D1E20723ED939000DF3BB8 /* WalkTalkTests.swift */,
				C7D1E20923ED939000DF3BB8 /* Info.plist */,
				C75E1F6623F13768006D3C59 /* SenderTest.swift */,
			);
			path = WalkTalkTests;
			sourceTree = "<group>";
		};
/* End PBXGroup section */

/* Begin PBXNativeTarget section */
		C7D1E1EC23ED938F00DF3BB8 /* WalkTalk */ = {
			isa = PBXNativeTarget;
			buildConfigurationList = C7D1E20C23ED939000DF3BB8 /* Build configuration list for PBXNativeTarget "WalkTalk" */;
			buildPhases = (
				C7D1E1E923ED938F00DF3BB8 /* Sources */,
				C7D1E1EA23ED938F00DF3BB8 /* Frameworks */,
				C7D1E1EB23ED938F00DF3BB8 /* Resources */,
			);
			buildRules = (
			);
			dependencies = (
			);
			name = WalkTalk;
			productName = WalkTalk;
			productReference = C7D1E1ED23ED938F00DF3BB8 /* WalkTalk.app */;
			productType = "com.apple.product-type.application";
		};
		C7D1E20223ED939000DF3BB8 /* WalkTalkTests */ = {
			isa = PBXNativeTarget;
			buildConfigurationList = C7D1E20F23ED939000DF3BB8 /* Build configuration list for PBXNativeTarget "WalkTalkTests" */;
			buildPhases = (
				C7D1E1FF23ED939000DF3BB8 /* Sources */,
				C7D1E20023ED939000DF3BB8 /* Frameworks */,
				C7D1E20123ED939000DF3BB8 /* Resources */,
			);
			buildRules = (
			);
			dependencies = (
				C7D1E20523ED939000DF3BB8 /* PBXTargetDependency */,
			);
			name = WalkTalkTests;
			productName = WalkTalkTests;
			productReference = C7D1E20323ED939000DF3BB8 /* WalkTalkTests.xctest */;
			productType = "com.apple.product-type.bundle.unit-test";
		};
/* End PBXNativeTarget section */

/* Begin PBXProject section */
		C7D1E1E523ED938F00DF3BB8 /* Project object */ = {
			isa = PBXProject;
			attributes = {
				LastSwiftUpdateCheck = 1130;
				LastUpgradeCheck = 1130;
				ORGANIZATIONNAME = Sylvain;
				TargetAttributes = {
					C7D1E1EC23ED938F00DF3BB8 = {
						CreatedOnToolsVersion = 11.3.1;
					};
					C7D1E20223ED939000DF3BB8 = {
						CreatedOnToolsVersion = 11.3.1;
						TestTargetID = C7D1E1EC23ED938F00DF3BB8;
					};
				};
			};
			buildConfigurationList = C7D1E1E823ED938F00DF3BB8 /* Build configuration list for PBXProject "WalkTalk" */;
			compatibilityVersion = "Xcode 9.3";
			developmentRegion = en;
			hasScannedForEncodings = 0;
			knownRegions = (
				en,
				Base,
			);
			mainGroup = C7D1E1E423ED938F00DF3BB8;
			productRefGroup = C7D1E1EE23ED938F00DF3BB8 /* Products */;
			projectDirPath = "";
			projectRoot = "";
			targets = (
				C7D1E1EC23ED938F00DF3BB8 /* WalkTalk */,
				C7D1E20223ED939000DF3BB8 /* WalkTalkTests */,
			);
		};
/* End PBXProject section */

/* Begin PBXResourcesBuildPhase section */
		C7D1E1EB23ED938F00DF3BB8 /* Resources */ = {
			isa = PBXResourcesBuildPhase;
			buildActionMask = 2147483647;
			files = (
				C7D1E1FD23ED939000DF3BB8 /* LaunchScreen.storyboard in Resources */,
				C7782EED23EF194D008E09D5 /* ChatRoomStoryboard.storyboard in Resources */,
				C7782F1523F0270F008E09D5 /* TheirMessageTableViewCell.xib in Resources */,
				C76F2ACC23ED9A1000942E6A /* EntranceStoryboard.storyboard in Resources */,
				C7782F1123F0270F008E09D5 /* MyMessageTableViewCell.xib in Resources */,
				C7D1E1FA23ED939000DF3BB8 /* Preview Assets.xcassets in Resources */,
				C7782F1323F0270F008E09D5 /* NoticeTableViewCell.xib in Resources */,
				C7D1E1F723ED939000DF3BB8 /* Assets.xcassets in Resources */,
			);
			runOnlyForDeploymentPostprocessing = 0;
		};
		C7D1E20123ED939000DF3BB8 /* Resources */ = {
			isa = PBXResourcesBuildPhase;
			buildActionMask = 2147483647;
			files = (
			);
			runOnlyForDeploymentPostprocessing = 0;
		};
/* End PBXResourcesBuildPhase section */

/* Begin PBXSourcesBuildPhase section */
		C7D1E1E923ED938F00DF3BB8 /* Sources */ = {
			isa = PBXSourcesBuildPhase;
			buildActionMask = 2147483647;
			files = (
				C7782EEF23EF194D008E09D5 /* ChatRoomWorker.swift in Sources */,
				C76F2ACF23ED9A1000942E6A /* EntranceRouter.swift in Sources */,
				C7D1E1F123ED938F00DF3BB8 /* AppDelegate.swift in Sources */,
				C7782F1223F0270F008E09D5 /* NoticeTableViewCell.swift in Sources */,
				C7782EF823EFFF42008E09D5 /* UserConnection.swift in Sources */,
				C7782F1023F0270F008E09D5 /* MyMessageTableViewCell.swift in Sources */,
				C76F2AD023ED9A1000942E6A /* EntranceModels.swift in Sources */,
				C76F2AD623ED9A5C00942E6A /* ViewController.swift in Sources */,
				C76F2AE123EDA7F400942E6A /* Sender.swift in Sources */,
				C76F2AD323ED9A1000942E6A /* EntranceInteractor.swift in Sources */,
				C76F2ACD23ED9A1000942E6A /* EntrancePresenter.swift in Sources */,
				C7782EF323EF194D008E09D5 /* ChatRoomBuilder.swift in Sources */,
				C7782F1423F0270F008E09D5 /* TheirMessageTableViewCell.swift in Sources */,
				C73ADF3923F06B9900C9FEAA /* UIColorExtension.swift in Sources */,
				C76F2AD123ED9A1000942E6A /* EntranceViewController.swift in Sources */,
				C7782EF123EF194D008E09D5 /* ChatRoomModels.swift in Sources */,
				C76F2ACE23ED9A1000942E6A /* EntranceWorker.swift in Sources */,
				C7782F0923F022E8008E09D5 /* TableViewCellHelper.swift in Sources */,
				C7782EEE23EF194D008E09D5 /* ChatRoomPresenter.swift in Sources */,
				C73ADF3C23F0922100C9FEAA /* Notification.swift in Sources */,
				C7782EFA23F00D5A008E09D5 /* Message.swift in Sources */,
				C7782EF423EF194D008E09D5 /* ChatRoomInteractor.swift in Sources */,
				C7782EF023EF194D008E09D5 /* ChatRoomRouter.swift in Sources */,
				C76F2AD923ED9AEF00942E6A /* UIStoryboardExtension.swift in Sources */,
				C76F2AD223ED9A1000942E6A /* EntranceBuilder.swift in Sources */,
				C7782EF223EF194D008E09D5 /* ChatRoomViewController.swift in Sources */,
			);
			runOnlyForDeploymentPostprocessing = 0;
		};
		C7D1E1FF23ED939000DF3BB8 /* Sources */ = {
			isa = PBXSourcesBuildPhase;
			buildActionMask = 2147483647;
			files = (
				C75E1F6723F13768006D3C59 /* SenderTest.swift in Sources */,
				C7D1E20823ED939000DF3BB8 /* WalkTalkTests.swift in Sources */,
			);
			runOnlyForDeploymentPostprocessing = 0;
		};
/* End PBXSourcesBuildPhase section */

/* Begin PBXTargetDependency section */
		C7D1E20523ED939000DF3BB8 /* PBXTargetDependency */ = {
			isa = PBXTargetDependency;
			target = C7D1E1EC23ED938F00DF3BB8 /* WalkTalk */;
			targetProxy = C7D1E20423ED939000DF3BB8 /* PBXContainerItemProxy */;
		};
/* End PBXTargetDependency section */

/* Begin PBXVariantGroup section */
		C7D1E1FB23ED939000DF3BB8 /* LaunchScreen.storyboard */ = {
			isa = PBXVariantGroup;
			children = (
				C7D1E1FC23ED939000DF3BB8 /* Base */,
			);
			name = LaunchScreen.storyboard;
			sourceTree = "<group>";
		};
/* End PBXVariantGroup section */

/* Begin XCBuildConfiguration section */
		C7D1E20A23ED939000DF3BB8 /* Debug */ = {
			isa = XCBuildConfiguration;
			buildSettings = {
				ALWAYS_SEARCH_USER_PATHS = NO;
				CLANG_ANALYZER_NONNULL = YES;
				CLANG_ANALYZER_NUMBER_OBJECT_CONVERSION = YES_AGGRESSIVE;
				CLANG_CXX_LANGUAGE_STANDARD = "gnu++14";
				CLANG_CXX_LIBRARY = "libc++";
				CLANG_ENABLE_MODULES = YES;
				CLANG_ENABLE_OBJC_ARC = YES;
				CLANG_ENABLE_OBJC_WEAK = YES;
				CLANG_WARN_BLOCK_CAPTURE_AUTORELEASING = YES;
				CLANG_WARN_BOOL_CONVERSION = YES;
				CLANG_WARN_COMMA = YES;
				CLANG_WARN_CONSTANT_CONVERSION = YES;
				CLANG_WARN_DEPRECATED_OBJC_IMPLEMENTATIONS = YES;
				CLANG_WARN_DIRECT_OBJC_ISA_USAGE = YES_ERROR;
				CLANG_WARN_DOCUMENTATION_COMMENTS = YES;
				CLANG_WARN_EMPTY_BODY = YES;
				CLANG_WARN_ENUM_CONVERSION = YES;
				CLANG_WARN_INFINITE_RECURSION = YES;
				CLANG_WARN_INT_CONVERSION = YES;
				CLANG_WARN_NON_LITERAL_NULL_CONVERSION = YES;
				CLANG_WARN_OBJC_IMPLICIT_RETAIN_SELF = YES;
				CLANG_WARN_OBJC_LITERAL_CONVERSION = YES;
				CLANG_WARN_OBJC_ROOT_CLASS = YES_ERROR;
				CLANG_WARN_RANGE_LOOP_ANALYSIS = YES;
				CLANG_WARN_STRICT_PROTOTYPES = YES;
				CLANG_WARN_SUSPICIOUS_MOVE = YES;
				CLANG_WARN_UNGUARDED_AVAILABILITY = YES_AGGRESSIVE;
				CLANG_WARN_UNREACHABLE_CODE = YES;
				CLANG_WARN__DUPLICATE_METHOD_MATCH = YES;
				COPY_PHASE_STRIP = NO;
				DEBUG_INFORMATION_FORMAT = dwarf;
				ENABLE_STRICT_OBJC_MSGSEND = YES;
				ENABLE_TESTABILITY = YES;
				GCC_C_LANGUAGE_STANDARD = gnu11;
				GCC_DYNAMIC_NO_PIC = NO;
				GCC_NO_COMMON_BLOCKS = YES;
				GCC_OPTIMIZATION_LEVEL = 0;
				GCC_PREPROCESSOR_DEFINITIONS = (
					"DEBUG=1",
					"$(inherited)",
				);
				GCC_WARN_64_TO_32_BIT_CONVERSION = YES;
				GCC_WARN_ABOUT_RETURN_TYPE = YES_ERROR;
				GCC_WARN_UNDECLARED_SELECTOR = YES;
				GCC_WARN_UNINITIALIZED_AUTOS = YES_AGGRESSIVE;
				GCC_WARN_UNUSED_FUNCTION = YES;
				GCC_WARN_UNUSED_VARIABLE = YES;
				IPHONEOS_DEPLOYMENT_TARGET = 13.2;
				MTL_ENABLE_DEBUG_INFO = INCLUDE_SOURCE;
				MTL_FAST_MATH = YES;
				ONLY_ACTIVE_ARCH = YES;
				SDKROOT = iphoneos;
				SWIFT_ACTIVE_COMPILATION_CONDITIONS = DEBUG;
				SWIFT_OPTIMIZATION_LEVEL = "-Onone";
			};
			name = Debug;
		};
		C7D1E20B23ED939000DF3BB8 /* Release */ = {
			isa = XCBuildConfiguration;
			buildSettings = {
				ALWAYS_SEARCH_USER_PATHS = NO;
				CLANG_ANALYZER_NONNULL = YES;
				CLANG_ANALYZER_NUMBER_OBJECT_CONVERSION = YES_AGGRESSIVE;
				CLANG_CXX_LANGUAGE_STANDARD = "gnu++14";
				CLANG_CXX_LIBRARY = "libc++";
				CLANG_ENABLE_MODULES = YES;
				CLANG_ENABLE_OBJC_ARC = YES;
				CLANG_ENABLE_OBJC_WEAK = YES;
				CLANG_WARN_BLOCK_CAPTURE_AUTORELEASING = YES;
				CLANG_WARN_BOOL_CONVERSION = YES;
				CLANG_WARN_COMMA = YES;
				CLANG_WARN_CONSTANT_CONVERSION = YES;
				CLANG_WARN_DEPRECATED_OBJC_IMPLEMENTATIONS = YES;
				CLANG_WARN_DIRECT_OBJC_ISA_USAGE = YES_ERROR;
				CLANG_WARN_DOCUMENTATION_COMMENTS = YES;
				CLANG_WARN_EMPTY_BODY = YES;
				CLANG_WARN_ENUM_CONVERSION = YES;
				CLANG_WARN_INFINITE_RECURSION = YES;
				CLANG_WARN_INT_CONVERSION = YES;
				CLANG_WARN_NON_LITERAL_NULL_CONVERSION = YES;
				CLANG_WARN_OBJC_IMPLICIT_RETAIN_SELF = YES;
				CLANG_WARN_OBJC_LITERAL_CONVERSION = YES;
				CLANG_WARN_OBJC_ROOT_CLASS = YES_ERROR;
				CLANG_WARN_RANGE_LOOP_ANALYSIS = YES;
				CLANG_WARN_STRICT_PROTOTYPES = YES;
				CLANG_WARN_SUSPICIOUS_MOVE = YES;
				CLANG_WARN_UNGUARDED_AVAILABILITY = YES_AGGRESSIVE;
				CLANG_WARN_UNREACHABLE_CODE = YES;
				CLANG_WARN__DUPLICATE_METHOD_MATCH = YES;
				COPY_PHASE_STRIP = NO;
				DEBUG_INFORMATION_FORMAT = "dwarf-with-dsym";
				ENABLE_NS_ASSERTIONS = NO;
				ENABLE_STRICT_OBJC_MSGSEND = YES;
				GCC_C_LANGUAGE_STANDARD = gnu11;
				GCC_NO_COMMON_BLOCKS = YES;
				GCC_WARN_64_TO_32_BIT_CONVERSION = YES;
				GCC_WARN_ABOUT_RETURN_TYPE = YES_ERROR;
				GCC_WARN_UNDECLARED_SELECTOR = YES;
				GCC_WARN_UNINITIALIZED_AUTOS = YES_AGGRESSIVE;
				GCC_WARN_UNUSED_FUNCTION = YES;
				GCC_WARN_UNUSED_VARIABLE = YES;
				IPHONEOS_DEPLOYMENT_TARGET = 13.2;
				MTL_ENABLE_DEBUG_INFO = NO;
				MTL_FAST_MATH = YES;
				SDKROOT = iphoneos;
				SWIFT_COMPILATION_MODE = wholemodule;
				SWIFT_OPTIMIZATION_LEVEL = "-O";
				VALIDATE_PRODUCT = YES;
			};
			name = Release;
		};
		C7D1E20D23ED939000DF3BB8 /* Debug */ = {
			isa = XCBuildConfiguration;
			buildSettings = {
				ASSETCATALOG_COMPILER_APPICON_NAME = AppIcon;
				CODE_SIGN_ENTITLEMENTS = WalkTalk/WalkTalk.entitlements;
				CODE_SIGN_IDENTITY = "iPhone Developer";
				CODE_SIGN_STYLE = Automatic;
				DEVELOPMENT_ASSET_PATHS = "\"WalkTalk/Preview Content\"";
				DEVELOPMENT_TEAM = 4DMXJ47M5Y;
				ENABLE_PREVIEWS = YES;
				INFOPLIST_FILE = WalkTalk/Info.plist;
				IPHONEOS_DEPLOYMENT_TARGET = 13.0;
				LD_RUNPATH_SEARCH_PATHS = (
					"$(inherited)",
					"@executable_path/Frameworks",
				);
				PRODUCT_BUNDLE_IDENTIFIER = com.sylvain.walktalk;
				PRODUCT_NAME = "$(TARGET_NAME)";
				PROVISIONING_PROFILE_SPECIFIER = "";
				SWIFT_VERSION = 5.0;
				TARGETED_DEVICE_FAMILY = 1;
			};
			name = Debug;
		};
		C7D1E20E23ED939000DF3BB8 /* Release */ = {
			isa = XCBuildConfiguration;
			buildSettings = {
				ASSETCATALOG_COMPILER_APPICON_NAME = AppIcon;
				CODE_SIGN_ENTITLEMENTS = WalkTalk/WalkTalk.entitlements;
				CODE_SIGN_IDENTITY = "iPhone Developer";
				CODE_SIGN_STYLE = Automatic;
				DEVELOPMENT_ASSET_PATHS = "\"WalkTalk/Preview Content\"";
				DEVELOPMENT_TEAM = 4DMXJ47M5Y;
				ENABLE_PREVIEWS = YES;
				INFOPLIST_FILE = WalkTalk/Info.plist;
				IPHONEOS_DEPLOYMENT_TARGET = 13.0;
				LD_RUNPATH_SEARCH_PATHS = (
					"$(inherited)",
					"@executable_path/Frameworks",
				);
				PRODUCT_BUNDLE_IDENTIFIER = com.sylvain.walktalk;
				PRODUCT_NAME = "$(TARGET_NAME)";
				PROVISIONING_PROFILE_SPECIFIER = "";
				SWIFT_VERSION = 5.0;
				TARGETED_DEVICE_FAMILY = 1;
			};
			name = Release;
		};
		C7D1E21023ED939000DF3BB8 /* Debug */ = {
			isa = XCBuildConfiguration;
			buildSettings = {
				ALWAYS_EMBED_SWIFT_STANDARD_LIBRARIES = YES;
				BUNDLE_LOADER = "$(TEST_HOST)";
				CODE_SIGN_STYLE = Automatic;
				DEVELOPMENT_TEAM = X2ASXG7RKD;
				INFOPLIST_FILE = WalkTalkTests/Info.plist;
				IPHONEOS_DEPLOYMENT_TARGET = 13.2;
				LD_RUNPATH_SEARCH_PATHS = (
					"$(inherited)",
					"@executable_path/Frameworks",
					"@loader_path/Frameworks",
				);
				PRODUCT_BUNDLE_IDENTIFIER = com.sylvain.wk.WalkTalkTests;
				PRODUCT_NAME = "$(TARGET_NAME)";
				SWIFT_VERSION = 5.0;
				TARGETED_DEVICE_FAMILY = "1,2";
				TEST_HOST = "$(BUILT_PRODUCTS_DIR)/WalkTalk.app/WalkTalk";
			};
			name = Debug;
		};
		C7D1E21123ED939000DF3BB8 /* Release */ = {
			isa = XCBuildConfiguration;
			buildSettings = {
				ALWAYS_EMBED_SWIFT_STANDARD_LIBRARIES = YES;
				BUNDLE_LOADER = "$(TEST_HOST)";
				CODE_SIGN_STYLE = Automatic;
				DEVELOPMENT_TEAM = X2ASXG7RKD;
				INFOPLIST_FILE = WalkTalkTests/Info.plist;
				IPHONEOS_DEPLOYMENT_TARGET = 13.2;
				LD_RUNPATH_SEARCH_PATHS = (
					"$(inherited)",
					"@executable_path/Frameworks",
					"@loader_path/Frameworks",
				);
				PRODUCT_BUNDLE_IDENTIFIER = com.sylvain.wk.WalkTalkTests;
				PRODUCT_NAME = "$(TARGET_NAME)";
				SWIFT_VERSION = 5.0;
				TARGETED_DEVICE_FAMILY = "1,2";
				TEST_HOST = "$(BUILT_PRODUCTS_DIR)/WalkTalk.app/WalkTalk";
			};
			name = Release;
		};
/* End XCBuildConfiguration section */

/* Begin XCConfigurationList section */
		C7D1E1E823ED938F00DF3BB8 /* Build configuration list for PBXProject "WalkTalk" */ = {
			isa = XCConfigurationList;
			buildConfigurations = (
				C7D1E20A23ED939000DF3BB8 /* Debug */,
				C7D1E20B23ED939000DF3BB8 /* Release */,
			);
			defaultConfigurationIsVisible = 0;
			defaultConfigurationName = Release;
		};
		C7D1E20C23ED939000DF3BB8 /* Build configuration list for PBXNativeTarget "WalkTalk" */ = {
			isa = XCConfigurationList;
			buildConfigurations = (
				C7D1E20D23ED939000DF3BB8 /* Debug */,
				C7D1E20E23ED939000DF3BB8 /* Release */,
			);
			defaultConfigurationIsVisible = 0;
			defaultConfigurationName = Release;
		};
		C7D1E20F23ED939000DF3BB8 /* Build configuration list for PBXNativeTarget "WalkTalkTests" */ = {
			isa = XCConfigurationList;
			buildConfigurations = (
				C7D1E21023ED939000DF3BB8 /* Debug */,
				C7D1E21123ED939000DF3BB8 /* Release */,
			);
			defaultConfigurationIsVisible = 0;
			defaultConfigurationName = Release;
		};
/* End XCConfigurationList section */
	};
	rootObject = C7D1E1E523ED938F00DF3BB8 /* Project object */;
}
